{
  "name": "cool",
  "version": "1.0.0",
  "lockfileVersion": 1,
  "requires": true,
  "dependencies": {
    "apollo-cache-control": {
      "version": "0.1.1",
      "resolved": "https://registry.npmjs.org/apollo-cache-control/-/apollo-cache-control-0.1.1.tgz",
      "integrity": "sha512-XJQs167e9u+e5ybSi51nGYr70NPBbswdvTEHtbtXbwkZ+n9t0SLPvUcoqceayOSwjK1XYOdU/EKPawNdb3rLQA==",
      "requires": {
        "graphql-extensions": "0.0.10"
      }
    },
    "apollo-server-azure-functions": {
      "version": "1.4.0",
      "resolved": "https://registry.npmjs.org/apollo-server-azure-functions/-/apollo-server-azure-functions-1.4.0.tgz",
      "integrity": "sha512-tlNUDyA3fCjLClFEtgWmRdFbm8rtyQ9+4tU2MkicR3abRoMG4AGTCVh+rWt5TAvLTYPVBMsh+tqYDhrUz1YiEA==",
      "requires": {
        "apollo-server-core": "1.4.0",
        "apollo-server-module-graphiql": "1.4.0"
      }
    },
    "apollo-server-core": {
      "version": "1.4.0",
      "resolved": "https://registry.npmjs.org/apollo-server-core/-/apollo-server-core-1.4.0.tgz",
      "integrity": "sha512-BP1Vh39krgEjkQxbjTdBURUjLHbFq1zeOChDJgaRsMxGtlhzuLWwwC6lLdPatN8jEPbeHq8Tndp9QZ3iQZOKKA==",
      "requires": {
        "apollo-cache-control": "0.1.1",
        "apollo-tracing": "0.1.4",
        "graphql-extensions": "0.0.10"
      }
    },
    "apollo-server-module-graphiql": {
      "version": "1.4.0",
      "resolved": "https://registry.npmjs.org/apollo-server-module-graphiql/-/apollo-server-module-graphiql-1.4.0.tgz",
      "integrity": "sha512-GmkOcb5he2x5gat+TuiTvabnBf1m4jzdecal3XbXBh/Jg+kx4hcvO3TTDFQ9CuTprtzdcVyA11iqG7iOMOt7vA=="
    },
    "apollo-tracing": {
      "version": "0.1.4",
      "resolved": "https://registry.npmjs.org/apollo-tracing/-/apollo-tracing-0.1.4.tgz",
      "integrity": "sha512-Uv+1nh5AsNmC3m130i2u3IqbS+nrxyVV3KYimH5QKsdPjxxIQB3JAT+jJmpeDxBel8gDVstNmCh82QSLxLSIdQ==",
      "requires": {
        "graphql-extensions": "0.0.10"
      }
    },
    "asap": {
      "version": "1.0.0",
      "resolved": "https://registry.npmjs.org/asap/-/asap-1.0.0.tgz",
      "integrity": "sha1-sqRdpf36ILBJb8N2jMJ8EvqRan0="
    },
    "buffer-from": {
      "version": "1.1.1",
      "resolved": "https://registry.npmjs.org/buffer-from/-/buffer-from-1.1.1.tgz",
      "integrity": "sha512-MQcXEUbCKtEo7bhqEs6560Hyd4XaovZlO/k9V3hjVUF/zwW7KBVdSK4gIt/bzwS9MbR5qob+F5jusZsb0YQK2A=="
    },
    "caseless": {
      "version": "0.11.0",
      "resolved": "https://registry.npmjs.org/caseless/-/caseless-0.11.0.tgz",
      "integrity": "sha1-cVuW6phBWTzDMGeSP17GDr2k99c="
    },
    "concat-stream": {
      "version": "1.6.2",
      "resolved": "https://registry.npmjs.org/concat-stream/-/concat-stream-1.6.2.tgz",
      "integrity": "sha512-27HBghJxjiZtIk3Ycvn/4kbJk/1uZuJFfuPEns6LaEvpvG1f0hTea8lilrouyo9mVc2GWdcEZ8OLoGmSADlrCw==",
      "requires": {
        "buffer-from": "1.1.1",
        "inherits": "2.0.3",
        "readable-stream": "2.3.6",
        "typedarray": "0.0.6"
      }
    },
    "core-js": {
      "version": "2.5.7",
      "resolved": "https://registry.npmjs.org/core-js/-/core-js-2.5.7.tgz",
      "integrity": "sha512-RszJCAxg/PP6uzXVXL6BsxSXx/B05oJAQ2vkJRjyjrEcNVycaqOmNb5OTxZPE3xa5gwZduqza6L9JOCenh/Ecw=="
    },
    "core-util-is": {
      "version": "1.0.2",
      "resolved": "https://registry.npmjs.org/core-util-is/-/core-util-is-1.0.2.tgz",
      "integrity": "sha1-tf1UIgqivFq1eqtxQMlAdUUDwac="
    },
    "graphql-extensions": {
      "version": "0.0.10",
      "resolved": "https://registry.npmjs.org/graphql-extensions/-/graphql-extensions-0.0.10.tgz",
      "integrity": "sha512-TnQueqUDCYzOSrpQb3q1ngDSP2otJSF+9yNLrQGPzkMsvnQ+v6e2d5tl+B35D4y+XpmvVnAn4T3ZK28mkILveA==",
      "requires": {
        "core-js": "2.5.7",
        "source-map-support": "0.5.8"
      }
    },
    "http-basic": {
      "version": "2.5.1",
      "resolved": "https://registry.npmjs.org/http-basic/-/http-basic-2.5.1.tgz",
      "integrity": "sha1-jORHvbW2xXf4pj4/p4BW7Eu02/s=",
      "requires": {
        "caseless": "0.11.0",
        "concat-stream": "1.6.2",
        "http-response-object": "1.1.0"
      }
    },
    "http-response-object": {
      "version": "1.1.0",
      "resolved": "https://registry.npmjs.org/http-response-object/-/http-response-object-1.1.0.tgz",
      "integrity": "sha1-p8TnWq6C87tJBOT0P2FWc7TVGMM="
    },
    "inherits": {
      "version": "2.0.3",
      "resolved": "https://registry.npmjs.org/inherits/-/inherits-2.0.3.tgz",
      "integrity": "sha1-Yzwsg+PaQqUC9SRmAiSA9CCCYd4="
    },
    "isarray": {
      "version": "1.0.0",
      "resolved": "https://registry.npmjs.org/isarray/-/isarray-1.0.0.tgz",
      "integrity": "sha1-u5NdSFgsuhaMBoNJV6VKPgcSTxE="
    },
    "process-nextick-args": {
      "version": "2.0.0",
      "resolved": "https://registry.npmjs.org/process-nextick-args/-/process-nextick-args-2.0.0.tgz",
      "integrity": "sha512-MtEC1TqN0EU5nephaJ4rAtThHtC86dNN9qCuEhtshvpVBkAW5ZO7BASN9REnF9eoXGcRub+pFuKEpOHE+HbEMw=="
    },
    "promise": {
      "version": "6.1.0",
      "resolved": "https://registry.npmjs.org/promise/-/promise-6.1.0.tgz",
      "integrity": "sha1-LOcp9rlLRcJoka0GAsXJDgTG7vY=",
      "requires": {
        "asap": "1.0.0"
      }
    },
    "qs": {
      "version": "6.5.2",
      "resolved": "https://registry.npmjs.org/qs/-/qs-6.5.2.tgz",
      "integrity": "sha512-N5ZAX4/LxJmF+7wN74pUD6qAh9/wnvdQcjq9TZjevvXzSUo7bfmw91saqMjzGS2xq91/odN2dW/WOl7qQHNDGA=="
    },
    "random-quote": {
      "version": "0.0.1",
      "resolved": "https://registry.npmjs.org/random-quote/-/random-quote-0.0.1.tgz",
      "integrity": "sha1-IhE/bn7rgT3ZzHVKaqeNsnhWaaA=",
      "requires": {
        "then-jsonp": "1.0.3"
      }
    },
    "readable-stream": {
      "version": "2.3.6",
      "resolved": "https://registry.npmjs.org/readable-stream/-/readable-stream-2.3.6.tgz",
      "integrity": "sha512-tQtKA9WIAhBF3+VLAseyMqZeBjW0AHJoxOtYqSUZNJxauErmLbVm2FW1y+J/YA9dUrAC39ITejlZWhVIwawkKw==",
      "requires": {
        "core-util-is": "1.0.2",
        "inherits": "2.0.3",
        "isarray": "1.0.0",
        "process-nextick-args": "2.0.0",
        "safe-buffer": "5.1.2",
        "string_decoder": "1.1.1",
        "util-deprecate": "1.0.2"
      }
    },
    "safe-buffer": {
      "version": "5.1.2",
      "resolved": "https://registry.npmjs.org/safe-buffer/-/safe-buffer-5.1.2.tgz",
      "integrity": "sha512-Gd2UZBJDkXlY7GbJxfsE8/nvKkUEU1G38c1siN6QP6a9PT9MmHB8GnpscSmMJSoF8LOIrt8ud/wPtojys4G6+g=="
    },
    "source-map": {
      "version": "0.6.1",
      "resolved": "https://registry.npmjs.org/source-map/-/source-map-0.6.1.tgz",
      "integrity": "sha512-UjgapumWlbMhkBgzT7Ykc5YXUT46F0iKu8SGXq0bcwP5dz/h0Plj6enJqjz1Zbq2l5WaqYnrVbwWOWMyF3F47g=="
    },
    "source-map-support": {
      "version": "0.5.8",
      "resolved": "https://registry.npmjs.org/source-map-support/-/source-map-support-0.5.8.tgz",
      "integrity": "sha512-WqAEWPdb78u25RfKzOF0swBpY0dKrNdjc4GvLwm7ScX/o9bj8Eh/YL8mcMhBHYDGl87UkkSXDOFnW4G7GhWhGg==",
      "requires": {
        "buffer-from": "1.1.1",
        "source-map": "0.6.1"
      }
    },
    "string_decoder": {
      "version": "1.1.1",
      "resolved": "https://registry.npmjs.org/string_decoder/-/string_decoder-1.1.1.tgz",
      "integrity": "sha512-n/ShnvDi6FHbbVfviro+WojiFzv+s8MPMHBczVePfUpDJLwoLT0ht1l4YwBCbi8pJAveEEdnkHyPyTP/mzRfwg==",
      "requires": {
        "safe-buffer": "5.1.2"
      }
    },
    "then-jsonp": {
      "version": "1.0.3",
      "resolved": "https://registry.npmjs.org/then-jsonp/-/then-jsonp-1.0.3.tgz",
      "integrity": "sha1-8Mi6gfAPVbSUfqEMsh90hAqaTMY=",
      "requires": {
        "promise": "6.1.0",
        "then-request": "2.2.0"
      }
    },
    "then-request": {
      "version": "2.2.0",
      "resolved": "https://registry.npmjs.org/then-request/-/then-request-2.2.0.tgz",
      "integrity": "sha1-ZnizL6DKIY/laZgbvYhxtZQGDYE=",
      "requires": {
        "caseless": "0.11.0",
        "concat-stream": "1.6.2",
        "http-basic": "2.5.1",
        "http-response-object": "1.1.0",
        "promise": "7.3.1",
        "qs": "6.5.2"
      },
      "dependencies": {
        "asap": {
          "version": "2.0.6",
          "resolved": "https://registry.npmjs.org/asap/-/asap-2.0.6.tgz",
          "integrity": "sha1-5QNHYR1+aQlDIIu9r+vLwvuGbUY="
        },
        "promise": {
          "version": "7.3.1",
          "resolved": "https://registry.npmjs.org/promise/-/promise-7.3.1.tgz",
          "integrity": "sha512-nolQXZ/4L+bP/UGlkfaIujX9BKxGwmQ9OT4mOt5yvy8iK1h3wqTEJCijzGANTCCl9nWjY41juyAn2K3Q1hLLTg==",
          "requires": {
            "asap": "2.0.6"
          }
        }
      }
    },
    "typedarray": {
      "version": "0.0.6",
      "resolved": "https://registry.npmjs.org/typedarray/-/typedarray-0.0.6.tgz",
      "integrity": "sha1-hnrHTjhkGHsdPUfZlqeOxciDB3c="
    },
    "util-deprecate": {
      "version": "1.0.2",
      "resolved": "https://registry.npmjs.org/util-deprecate/-/util-deprecate-1.0.2.tgz",
      "integrity": "sha1-RQ1Nyfpw3nMnYvvS1KKJgUGaDM8="
    }
  }
}
